{
  "name": "main",
  "version": "1.0.0",
  "lockfileVersion": 2,
  "requires": true,
  "packages": {
    "": {
      "name": "main",
      "version": "1.0.0",
      "license": "ISC",
      "dependencies": {
        "builtin-modules": "^5.0.0"
      }
    },
    "node_modules/builtin-modules": {
      "version": "5.3.0",
      "resolved": "https://registry.npmjs.org/builtin-modules/-/builtin-modules-5.3.0.tgz",
      "integrity": "sha512-hMQUl2bUFG339QygPM97E+mc8OY1IAchORZxm4a/frcYwKzozMzRVDBwHW0NjOqGElLm2O37AVQE8ikxlZHrMQ==",
      "engines": {
        "node": ">=18.20"
      },
      "funding": {
        "url": "https://github.com/sponsors/sindresorhus"
      }
    }
  },
  "dependencies": {
    "builtin-modules": {
      "version": "5.3.0",
      "resolved": "https://registry.npmjs.org/builtin-modules/-/builtin-modules-5.3.0.tgz",
      "integrity": "sha512-hMQUl2bUFG339QygPM97E+mc8OY1IAchORZxm4a/frcYwKzozMzRVDBwHW0NjOqGElLm2O37AVQE8ikxlZHrMQ=="
    }
  }
}
