{
  "name": "main",
  "version": "1.0.0",
  "lockfileVersion": 1,
  "requires": true,
  "dependencies": {
    "builtin-modules": {
      "version": "5.4.0",
      "resolved": "https://registry.npmjs.org/builtin-modules/-/builtin-modules-5.4.0.tgz",
      "integrity": "sha512-JCWSCdun+4Ovd9BhM/Vtlmwb7oD6Wl4YiPRXXwhAuwlPhW1un/MKgXn7GZoFm53ginnoNzus69V8JWx0K393jg=="
    }
  }
}
